
Microsoft Visual Studio Solution File, Format Version 12.00
# Visual Studio 14
VisualStudioVersion = 14.0.23107.0
MinimumVisualStudioVersion = 10.0.40219.1
Project("{FAE04EC0-301F-11D3-BF4B-00C04F79EFBC}") = "LAVFiltersLib", "LAVFiltersLib\LAVFiltersLib.csproj", "{718A026B-1F74-4657-BC87-4043E24D0645}"
EndProject
Global
	GlobalSection(SolutionConfigurationPlatforms) = preSolution
		Debug|Any CPU = Debug|Any CPU
		Release|Any CPU = Release|Any CPU
	EndGlobalSection
	GlobalSection(ProjectConfigurationPlatforms) = postSolution
		{718A026B-1F74-4657-BC87-4043E24D0645}.Debug|Any CPU.ActiveCfg = Debug|Any CPU
		{718A026B-1F74-4657-BC87-4043E24D0645}.Debug|Any CPU.Build.0 = Debug|Any CPU
		{718A026B-1F74-4657-BC87-4043E24D0645}.Release|Any CPU.ActiveCfg = Release|Any CPU
		{718A026B-1F74-4657-BC87-4043E24D0645}.Release|Any CPU.Build.0 = Release|Any CPU
	EndGlobalSection
	GlobalSection(SolutionProperties) = preSolution
		HideSolutionNode = FALSE
	EndGlobalSection
EndGlobal
